
Microsoft Visual Studio Solution File, Format Version 12.00
# Visual Studio 15
VisualStudioVersion = 15.0.27428.1
MinimumVisualStudioVersion = 10.0.40219.1
Project("{9A19103F-16F7-4668-BE54-9A1E7A4F7556}") = "17help", "17help\17help.csproj", "{88B2A6CE-55F1-419A-A095-C57772F4E3D6}"
EndProject
Project("{2150E333-8FDC-42A3-9474-1A3956D46DE8}") = "Database", "Database", "{24BB8BDB-A33E-47AF-8E42-D6D5E5A11A7D}"
EndProject
Project("{00D1A9C2-B5F0-4AF3-8072-F6C62B433612}") = "17help", "Database\17help\17help.sqlproj", "{E37E258E-33F3-448A-8949-4E8DFB4188AE}"
EndProject
Global
	GlobalSection(SolutionConfigurationPlatforms) = preSolution
		Debug|Any CPU = Debug|Any CPU
		Release|Any CPU = Release|Any CPU
	EndGlobalSection
	GlobalSection(ProjectConfigurationPlatforms) = postSolution
		{88B2A6CE-55F1-419A-A095-C57772F4E3D6}.Debug|Any CPU.ActiveCfg = Debug|Any CPU
		{88B2A6CE-55F1-419A-A095-C57772F4E3D6}.Debug|Any CPU.Build.0 = Debug|Any CPU
		{88B2A6CE-55F1-419A-A095-C57772F4E3D6}.Release|Any CPU.ActiveCfg = Release|Any CPU
		{88B2A6CE-55F1-419A-A095-C57772F4E3D6}.Release|Any CPU.Build.0 = Release|Any CPU
		{E37E258E-33F3-448A-8949-4E8DFB4188AE}.Debug|Any CPU.ActiveCfg = Debug|Any CPU
		{E37E258E-33F3-448A-8949-4E8DFB4188AE}.Debug|Any CPU.Build.0 = Debug|Any CPU
		{E37E258E-33F3-448A-8949-4E8DFB4188AE}.Debug|Any CPU.Deploy.0 = Debug|Any CPU
		{E37E258E-33F3-448A-8949-4E8DFB4188AE}.Release|Any CPU.ActiveCfg = Release|Any CPU
		{E37E258E-33F3-448A-8949-4E8DFB4188AE}.Release|Any CPU.Build.0 = Release|Any CPU
		{E37E258E-33F3-448A-8949-4E8DFB4188AE}.Release|Any CPU.Deploy.0 = Release|Any CPU
	EndGlobalSection
	GlobalSection(SolutionProperties) = preSolution
		HideSolutionNode = FALSE
	EndGlobalSection
	GlobalSection(NestedProjects) = preSolution
		{E37E258E-33F3-448A-8949-4E8DFB4188AE} = {24BB8BDB-A33E-47AF-8E42-D6D5E5A11A7D}
	EndGlobalSection
	GlobalSection(ExtensibilityGlobals) = postSolution
		SolutionGuid = {195EC2D0-13A3-42C3-A67C-E56A6E8F2F99}
	EndGlobalSection
EndGlobal
