
Microsoft Visual Studio Solution File, Format Version 12.00
# Visual Studio 15
VisualStudioVersion = 15.0.27428.1
MinimumVisualStudioVersion = 10.0.40219.1
Project("{9A19103F-16F7-4668-BE54-9A1E7A4F7556}") = "17help", "17help\17help.csproj", "{88B2A6CE-55F1-419A-A095-C57772F4E3D6}"
EndProject
Project("{2150E333-8FDC-42A3-9474-1A3956D46DE8}") = "Database", "Database", "{24BB8BDB-A33E-47AF-8E42-D6D5E5A11A7D}"
	ProjectSection(SolutionItems) = preProject
		Database\17help.db = Database\17help.db
		Database\5-单表查找.sql = Database\5-单表查找.sql
		Database\6-单表进阶操作.sql = Database\6-单表进阶操作.sql
		Database\7-JOIN和UNION.sql = Database\7-JOIN和UNION.sql
		Database\8-子查询.sql = Database\8-子查询.sql
		Database\dbo.ProblemKeyword.sql = Database\dbo.ProblemKeyword.sql
		Database\dbo.TCredit.sql = Database\dbo.TCredit.sql
		Database\dbo.TProblem.sql = Database\dbo.TProblem.sql
		Database\dbo.TProfile.sql = Database\dbo.TProfile.sql
		Database\dbo.TRegister.sql = Database\dbo.TRegister.sql
		Database\SQLQuery1.sql = Database\SQLQuery1.sql
		Database\创建数据库.sql = Database\创建数据库.sql
		Database\删除更新sql.sql = Database\删除更新sql.sql
	EndProjectSection
EndProject
Global
	GlobalSection(SolutionConfigurationPlatforms) = preSolution
		Debug|Any CPU = Debug|Any CPU
		Release|Any CPU = Release|Any CPU
	EndGlobalSection
	GlobalSection(ProjectConfigurationPlatforms) = postSolution
		{88B2A6CE-55F1-419A-A095-C57772F4E3D6}.Debug|Any CPU.ActiveCfg = Debug|Any CPU
		{88B2A6CE-55F1-419A-A095-C57772F4E3D6}.Debug|Any CPU.Build.0 = Debug|Any CPU
		{88B2A6CE-55F1-419A-A095-C57772F4E3D6}.Release|Any CPU.ActiveCfg = Release|Any CPU
		{88B2A6CE-55F1-419A-A095-C57772F4E3D6}.Release|Any CPU.Build.0 = Release|Any CPU
	EndGlobalSection
	GlobalSection(SolutionProperties) = preSolution
		HideSolutionNode = FALSE
	EndGlobalSection
	GlobalSection(ExtensibilityGlobals) = postSolution
		SolutionGuid = {195EC2D0-13A3-42C3-A67C-E56A6E8F2F99}
	EndGlobalSection
EndGlobal
